
Microsoft Visual Studio Solution File, Format Version 12.00
# Visual Studio Version 16
VisualStudioVersion = 16.0.30413.136
MinimumVisualStudioVersion = 10.0.40219.1
Project("{9A19103F-16F7-4668-BE54-9A1E7A4F7556}") = "Applets", "src\Applets\Applets.csproj", "{37517468-E7C7-4629-9F1E-14E3F1FA7E19}"
EndProject
Project("{2150E333-8FDC-42A3-9474-1A3956D46DE8}") = "test", "test", "{32BD1F7D-68A7-4F47-98A8-0BD35A1BABFE}"
EndProject
Project("{FAE04EC0-301F-11D3-BF4B-00C04F79EFBC}") = "Applets.TestProject", "test\Applets.TestProject\Applets.TestProject.csproj", "{871F9A7E-D2B3-4E49-B44D-79AA41511AC7}"
EndProject
Global
	GlobalSection(SolutionConfigurationPlatforms) = preSolution
		Debug|Any CPU = Debug|Any CPU
		Release|Any CPU = Release|Any CPU
	EndGlobalSection
	GlobalSection(ProjectConfigurationPlatforms) = postSolution
		{37517468-E7C7-4629-9F1E-14E3F1FA7E19}.Debug|Any CPU.ActiveCfg = Debug|Any CPU
		{37517468-E7C7-4629-9F1E-14E3F1FA7E19}.Debug|Any CPU.Build.0 = Debug|Any CPU
		{37517468-E7C7-4629-9F1E-14E3F1FA7E19}.Release|Any CPU.ActiveCfg = Release|Any CPU
		{37517468-E7C7-4629-9F1E-14E3F1FA7E19}.Release|Any CPU.Build.0 = Release|Any CPU
		{871F9A7E-D2B3-4E49-B44D-79AA41511AC7}.Debug|Any CPU.ActiveCfg = Debug|Any CPU
		{871F9A7E-D2B3-4E49-B44D-79AA41511AC7}.Debug|Any CPU.Build.0 = Debug|Any CPU
		{871F9A7E-D2B3-4E49-B44D-79AA41511AC7}.Release|Any CPU.ActiveCfg = Release|Any CPU
		{871F9A7E-D2B3-4E49-B44D-79AA41511AC7}.Release|Any CPU.Build.0 = Release|Any CPU
	EndGlobalSection
	GlobalSection(SolutionProperties) = preSolution
		HideSolutionNode = FALSE
	EndGlobalSection
	GlobalSection(NestedProjects) = preSolution
		{871F9A7E-D2B3-4E49-B44D-79AA41511AC7} = {32BD1F7D-68A7-4F47-98A8-0BD35A1BABFE}
	EndGlobalSection
	GlobalSection(ExtensibilityGlobals) = postSolution
		SolutionGuid = {93FEA5DB-71C6-48EF-BAC0-3912C78B0EFC}
	EndGlobalSection
EndGlobal
